// !$*UTF8*$!
{
	archiveVersion = 1;
	classes = {
	};
	objectVersion = 71;
	objects = {

/* Begin PBXBuildFile section */
		5E85BBEE2F990504004F8A34 /* Sentry in Frameworks */ = {isa = PBXBuildFile; productRef = 5E0E01222F5072C10074B393 /* Sentry */; };
		BF85BBEE2F990504004F8A34 /* Apollo in Frameworks */ = {isa = PBXBuildFile; productRef = AA0E01222F5072C10074B393 /* Apollo */; };
		BF85BBEF2F990504004F8A34 /* ApolloAPI in Frameworks */ = {isa = PBXBuildFile; productRef = AA0E01242F5072C10074B393 /* ApolloAPI */; };
		BF85BBF02F990504004F8A34 /* FirebaseCore in Frameworks */ = {isa = PBXBuildFile; productRef = FB0E01222F5072C10074B393 /* FirebaseCore */; };
		BF85BBF12F990504004F8A34 /* FirebaseAuth in Frameworks */ = {isa = PBXBuildFile; productRef = FB0E01242F5072C10074B393 /* FirebaseAuth */; };
		BF85BBF22F990504004F8A34 /* FirebaseAnalytics in Frameworks */ = {isa = PBXBuildFile; productRef = FB0E01262F5072C10074B393 /* FirebaseAnalytics */; };
		E30000BB0000000000000001 /* ShioriShare.appex in Embed Foundation Extensions */ = {isa = PBXBuildFile; fileRef = E30000030000000000000001 /* ShioriShare.appex */; settings = {ATTRIBUTES = (RemoveHeadersOnCopy, ); }; };
/* End PBXBuildFile section */

/* Begin PBXContainerItemProxy section */
		E20000010000000000000001 /* PBXContainerItemProxy */ = {
			isa = PBXContainerItemProxy;
			containerPortal = E10000090000000000000001 /* Project object */;
			proxyType = 1;
			remoteGlobalIDString = E10000060000000000000001;
			remoteInfo = Shiori;
		};
		E30000010000000000000001 /* PBXContainerItemProxy */ = {
			isa = PBXContainerItemProxy;
			containerPortal = E10000090000000000000001 /* Project object */;
			proxyType = 1;
			remoteGlobalIDString = E30000060000000000000001;
			remoteInfo = ShioriShare;
		};
/* End PBXContainerItemProxy section */

/* Begin PBXCopyFilesBuildPhase section */
		E30000020000000000000001 /* Embed Foundation Extensions */ = {
			isa = PBXCopyFilesBuildPhase;
			buildActionMask = 2147483647;
			dstPath = "";
			dstSubfolderSpec = 13;
			files = (
				E30000BB0000000000000001 /* ShioriShare.appex in Embed Foundation Extensions */,
			);
			name = "Embed Foundation Extensions";
			runOnlyForDeploymentPostprocessing = 0;
		};
/* End PBXCopyFilesBuildPhase section */

/* Begin PBXFileReference section */
		BF9400C32F45AA6500EDF17A /* Shiori.xctestplan */ = {isa = PBXFileReference; lastKnownFileType = text; path = Shiori.xctestplan; sourceTree = "<group>"; };
		E10000030000000000000001 /* Shiori.app */ = {isa = PBXFileReference; explicitFileType = wrapper.application; includeInIndex = 0; path = Shiori.app; sourceTree = BUILT_PRODUCTS_DIR; };
		E20000030000000000000001 /* ShioriUITests.xctest */ = {isa = PBXFileReference; explicitFileType = wrapper.cfbundle; includeInIndex = 0; path = ShioriUITests.xctest; sourceTree = BUILT_PRODUCTS_DIR; };
		E30000030000000000000001 /* ShioriShare.appex */ = {isa = PBXFileReference; explicitFileType = "wrapper.app-extension"; includeInIndex = 0; path = ShioriShare.appex; sourceTree = BUILT_PRODUCTS_DIR; };
/* End PBXFileReference section */

/* Begin PBXFileSystemSynchronizedRootGroup section */
		E10000050000000000000002 /* Shiori */ = {isa = PBXFileSystemSynchronizedRootGroup; exceptions = (E100000A0000000000000001 /* Exceptions for "Shiori" folder in "Shiori" target */, ); explicitFileTypes = {}; explicitFolders = (); path = Shiori; sourceTree = "<group>"; };
		E20000050000000000000001 /* ShioriUITests */ = {isa = PBXFileSystemSynchronizedRootGroup; explicitFileTypes = {}; explicitFolders = (); path = ShioriUITests; sourceTree = "<group>"; };
		E30000050000000000000001 /* ShioriShare */ = {isa = PBXFileSystemSynchronizedRootGroup; exceptions = (E3000000A0000000000000BB /* Exceptions for "ShioriShare" folder in "ShioriShare" target */, ); explicitFileTypes = {}; explicitFolders = (); path = ShioriShare; sourceTree = "<group>"; };
/* End PBXFileSystemSynchronizedRootGroup section */

/* Begin PBXFileSystemSynchronizedBuildFileExceptionSet section */
		E100000A0000000000000001 /* Exceptions for "Shiori" folder in "Shiori" target */ = {
			isa = PBXFileSystemSynchronizedBuildFileExceptionSet;
			membershipExceptions = (
				Info.plist,
			);
			target = E10000060000000000000001 /* Shiori */;
		};
		E3000000A0000000000000BB /* Exceptions for "ShioriShare" folder in "ShioriShare" target */ = {
			isa = PBXFileSystemSynchronizedBuildFileExceptionSet;
			membershipExceptions = (
				Info.plist,
			);
			target = E30000060000000000000001 /* ShioriShare */;
		};
/* End PBXFileSystemSynchronizedBuildFileExceptionSet section */

/* Begin PBXFrameworksBuildPhase section */
		E10000040000000000000001 /* Frameworks */ = {
			isa = PBXFrameworksBuildPhase;
			buildActionMask = 2147483647;
			files = (
				BF85BBF12F990504004F8A34 /* FirebaseAuth in Frameworks */,
				BF85BBF22F990504004F8A34 /* FirebaseAnalytics in Frameworks */,
				BF85BBF02F990504004F8A34 /* FirebaseCore in Frameworks */,
				BF85BBEF2F990504004F8A34 /* ApolloAPI in Frameworks */,
				BF85BBEE2F990504004F8A34 /* Apollo in Frameworks */,
				5E85BBEE2F990504004F8A34 /* Sentry in Frameworks */,
			);
			runOnlyForDeploymentPostprocessing = 0;
		};
		E20000040000000000000001 /* Frameworks */ = {
			isa = PBXFrameworksBuildPhase;
			buildActionMask = 2147483647;
			files = (
			);
			runOnlyForDeploymentPostprocessing = 0;
		};
		E30000040000000000000001 /* Frameworks */ = {
			isa = PBXFrameworksBuildPhase;
			buildActionMask = 2147483647;
			files = (
			);
			runOnlyForDeploymentPostprocessing = 0;
		};
/* End PBXFrameworksBuildPhase section */

/* Begin PBXGroup section */
		E10000050000000000000001 = {
			isa = PBXGroup;
			children = (
				BF9400C32F45AA6500EDF17A /* Shiori.xctestplan */,
				E10000050000000000000002 /* Shiori */,
				E20000050000000000000001 /* ShioriUITests */,
				E30000050000000000000001 /* ShioriShare */,
				E10000050000000000000009 /* Products */,
			);
			sourceTree = "<group>";
		};
		E10000050000000000000009 /* Products */ = {
			isa = PBXGroup;
			children = (
				E10000030000000000000001 /* Shiori.app */,
				E20000030000000000000001 /* ShioriUITests.xctest */,
				E30000030000000000000001 /* ShioriShare.appex */,
			);
			name = Products;
			sourceTree = "<group>";
		};
/* End PBXGroup section */

/* Begin PBXNativeTarget section */
		E10000060000000000000001 /* Shiori */ = {
			isa = PBXNativeTarget;
			buildConfigurationList = E10000080000000000000001 /* Build configuration list for PBXNativeTarget "Shiori" */;
			buildPhases = (
				E10000070000000000000001 /* Sources */,
				E10000040000000000000001 /* Frameworks */,
				E10000070000000000000002 /* Resources */,
				E30000020000000000000001 /* Embed Foundation Extensions */,
			);
			buildRules = (
			);
			dependencies = (
				E30000090000000000000001 /* PBXTargetDependency */,
			);
			fileSystemSynchronizedGroups = (
				E10000050000000000000002 /* Shiori */,
			);
			name = Shiori;
			packageProductDependencies = (
				AA0E01222F5072C10074B393 /* Apollo */,
				AA0E01242F5072C10074B393 /* ApolloAPI */,
				FB0E01222F5072C10074B393 /* FirebaseCore */,
				FB0E01242F5072C10074B393 /* FirebaseAuth */,
				FB0E01262F5072C10074B393 /* FirebaseAnalytics */,
				5E0E01222F5072C10074B393 /* Sentry */,
			);
			productName = Shiori;
			productReference = E10000030000000000000001 /* Shiori.app */;
			productType = "com.apple.product-type.application";
		};
		E20000060000000000000001 /* ShioriUITests */ = {
			isa = PBXNativeTarget;
			buildConfigurationList = E20000080000000000000001 /* Build configuration list for PBXNativeTarget "ShioriUITests" */;
			buildPhases = (
				E20000070000000000000001 /* Sources */,
				E20000040000000000000001 /* Frameworks */,
				E20000070000000000000002 /* Resources */,
			);
			buildRules = (
			);
			dependencies = (
				E20000090000000000000001 /* PBXTargetDependency */,
			);
			fileSystemSynchronizedGroups = (
				E20000050000000000000001 /* ShioriUITests */,
			);
			name = ShioriUITests;
			productName = ShioriUITests;
			productReference = E20000030000000000000001 /* ShioriUITests.xctest */;
			productType = "com.apple.product-type.bundle.ui-testing";
		};
		E30000060000000000000001 /* ShioriShare */ = {
			isa = PBXNativeTarget;
			buildConfigurationList = E30000080000000000000001 /* Build configuration list for PBXNativeTarget "ShioriShare" */;
			buildPhases = (
				E30000070000000000000001 /* Sources */,
				E30000040000000000000001 /* Frameworks */,
				E30000070000000000000002 /* Resources */,
			);
			buildRules = (
			);
			dependencies = (
			);
			fileSystemSynchronizedGroups = (
				E30000050000000000000001 /* ShioriShare */,
			);
			name = ShioriShare;
			productName = ShioriShare;
			productReference = E30000030000000000000001 /* ShioriShare.appex */;
			productType = "com.apple.product-type.app-extension";
		};
/* End PBXNativeTarget section */

/* Begin PBXProject section */
		E10000090000000000000001 /* Project object */ = {
			isa = PBXProject;
			attributes = {
				BuildIndependentTargetsInParallel = 1;
				LastSwiftUpdateCheck = 1600;
				LastUpgradeCheck = 1600;
				TargetAttributes = {
					E10000060000000000000001 = {
						CreatedOnToolsVersion = 16.0;
					};
					E20000060000000000000001 = {
						CreatedOnToolsVersion = 16.0;
						TestTargetID = E10000060000000000000001;
					};
					E30000060000000000000001 = {
						CreatedOnToolsVersion = 16.0;
					};
				};
			};
			buildConfigurationList = E10000080000000000000002 /* Build configuration list for PBXProject "Shiori" */;
			compatibilityVersion = "Xcode 16.0";
			developmentRegion = fr;
			hasScannedForEncodings = 0;
			knownRegions = (
				en,
				Base,
				fr,
				de,
				es,
				it,
				pt,
				ja,
			);
			mainGroup = E10000050000000000000001;
			packageReferences = (
				AA0E01202F5072C10074B393 /* XCRemoteSwiftPackageReference "apollo-ios" */,
				FB0E01202F5072C10074B393 /* XCRemoteSwiftPackageReference "firebase-ios-sdk" */,
				5E0E01202F5072C10074B393 /* XCRemoteSwiftPackageReference "sentry-cocoa" */,
			);
			productRefGroup = E10000050000000000000009 /* Products */;
			projectDirPath = "";
			projectRoot = "";
			targets = (
				E10000060000000000000001 /* Shiori */,
				E20000060000000000000001 /* ShioriUITests */,
				E30000060000000000000001 /* ShioriShare */,
			);
		};
/* End PBXProject section */

/* Begin PBXResourcesBuildPhase section */
		E10000070000000000000002 /* Resources */ = {
			isa = PBXResourcesBuildPhase;
			buildActionMask = 2147483647;
			files = (
			);
			runOnlyForDeploymentPostprocessing = 0;
		};
		E20000070000000000000002 /* Resources */ = {
			isa = PBXResourcesBuildPhase;
			buildActionMask = 2147483647;
			files = (
			);
			runOnlyForDeploymentPostprocessing = 0;
		};
		E30000070000000000000002 /* Resources */ = {
			isa = PBXResourcesBuildPhase;
			buildActionMask = 2147483647;
			files = (
			);
			runOnlyForDeploymentPostprocessing = 0;
		};
/* End PBXResourcesBuildPhase section */

/* Begin PBXSourcesBuildPhase section */
		E10000070000000000000001 /* Sources */ = {
			isa = PBXSourcesBuildPhase;
			buildActionMask = 2147483647;
			files = (
			);
			runOnlyForDeploymentPostprocessing = 0;
		};
		E20000070000000000000001 /* Sources */ = {
			isa = PBXSourcesBuildPhase;
			buildActionMask = 2147483647;
			files = (
			);
			runOnlyForDeploymentPostprocessing = 0;
		};
		E30000070000000000000001 /* Sources */ = {
			isa = PBXSourcesBuildPhase;
			buildActionMask = 2147483647;
			files = (
			);
			runOnlyForDeploymentPostprocessing = 0;
		};
/* End PBXSourcesBuildPhase section */

/* Begin PBXTargetDependency section */
		E20000090000000000000001 /* PBXTargetDependency */ = {
			isa = PBXTargetDependency;
			target = E10000060000000000000001 /* Shiori */;
			targetProxy = E20000010000000000000001 /* PBXContainerItemProxy */;
		};
		E30000090000000000000001 /* PBXTargetDependency */ = {
			isa = PBXTargetDependency;
			target = E30000060000000000000001 /* ShioriShare */;
			targetProxy = E30000010000000000000001 /* PBXContainerItemProxy */;
		};
/* End PBXTargetDependency section */

/* Begin XCBuildConfiguration section */
		E1000000A000000000000001 /* Debug */ = {
			isa = XCBuildConfiguration;
			buildSettings = {
				ALWAYS_SEARCH_USER_PATHS = NO;
				ASSETCATALOG_COMPILER_GENERATE_SWIFT_ASSET_SYMBOL_EXTENSIONS = YES;
				CLANG_ANALYZER_NONNULL = YES;
				CLANG_ANALYZER_NUMBER_OBJECT_CONVERSION = YES_AGGRESSIVE;
				CLANG_CXX_LANGUAGE_STANDARD = "gnu++20";
				CLANG_ENABLE_MODULES = YES;
				CLANG_ENABLE_OBJC_ARC = YES;
				CLANG_ENABLE_OBJC_WEAK = YES;
				CLANG_WARN_BLOCK_CAPTURE_AUTORELEASING = YES;
				CLANG_WARN_BOOL_CONVERSION = YES;
				CLANG_WARN_COMMA = YES;
				CLANG_WARN_CONSTANT_CONVERSION = YES;
				CLANG_WARN_DEPRECATED_OBJC_IMPLEMENTATIONS = YES;
				CLANG_WARN_DIRECT_OBJC_ISA_USAGE = YES_ERROR;
				CLANG_WARN_DOCUMENTATION_COMMENTS = YES;
				CLANG_WARN_EMPTY_BODY = YES;
				CLANG_WARN_ENUM_CONVERSION = YES;
				CLANG_WARN_INFINITE_RECURSION = YES;
				CLANG_WARN_INT_CONVERSION = YES;
				CLANG_WARN_NON_LITERAL_NULL_CONVERSION = YES;
				CLANG_WARN_OBJC_IMPLICIT_RETAIN_SELF = YES;
				CLANG_WARN_OBJC_LITERAL_CONVERSION = YES;
				CLANG_WARN_OBJC_ROOT_CLASS = YES_ERROR;
				CLANG_WARN_QUOTED_INCLUDE_IN_FRAMEWORK_HEADER = YES;
				CLANG_WARN_RANGE_LOOP_ANALYSIS = YES;
				CLANG_WARN_STRICT_PROTOTYPES = YES;
				CLANG_WARN_SUSPICIOUS_MOVE = YES;
				CLANG_WARN_UNGUARDED_AVAILABILITY = YES_AGGRESSIVE;
				CLANG_WARN_UNREACHABLE_CODE = YES;
				CLANG_WARN__DUPLICATE_METHOD_MATCH = YES;
				COPY_PHASE_STRIP = NO;
				DEBUG_INFORMATION_FORMAT = dwarf;
				ENABLE_STRICT_OBJC_MSGSEND = YES;
				ENABLE_TESTABILITY = YES;
				ENABLE_USER_SCRIPT_SANDBOXING = YES;
				GCC_C_LANGUAGE_STANDARD = gnu17;
				GCC_DYNAMIC_NO_PIC = NO;
				GCC_NO_COMMON_BLOCKS = YES;
				GCC_OPTIMIZATION_LEVEL = 0;
				GCC_PREPROCESSOR_DEFINITIONS = (
					"DEBUG=1",
					"$(inherited)",
				);
				GCC_WARN_64_TO_32_BIT_CONVERSION = YES;
				GCC_WARN_ABOUT_RETURN_TYPE = YES_ERROR;
				GCC_WARN_UNDECLARED_SELECTOR = YES;
				GCC_WARN_UNINITIALIZED_AUTOS = YES_AGGRESSIVE;
				GCC_WARN_UNUSED_FUNCTION = YES;
				GCC_WARN_UNUSED_VARIABLE = YES;
				IPHONEOS_DEPLOYMENT_TARGET = 26.0;
				MTL_ENABLE_DEBUG_INFO = INCLUDE_SOURCE;
				MTL_FAST_MATH = YES;
				ONLY_ACTIVE_ARCH = YES;
				SDKROOT = iphoneos;
				SWIFT_ACTIVE_COMPILATION_CONDITIONS = "$(inherited) DEBUG";
				SWIFT_OPTIMIZATION_LEVEL = "-Onone";
			};
			name = Debug;
		};
		E1000000A000000000000002 /* Release */ = {
			isa = XCBuildConfiguration;
			buildSettings = {
				ALWAYS_SEARCH_USER_PATHS = NO;
				ASSETCATALOG_COMPILER_GENERATE_SWIFT_ASSET_SYMBOL_EXTENSIONS = YES;
				CLANG_ANALYZER_NONNULL = YES;
				CLANG_ANALYZER_NUMBER_OBJECT_CONVERSION = YES_AGGRESSIVE;
				CLANG_CXX_LANGUAGE_STANDARD = "gnu++20";
				CLANG_ENABLE_MODULES = YES;
				CLANG_ENABLE_OBJC_ARC = YES;
				CLANG_ENABLE_OBJC_WEAK = YES;
				CLANG_WARN_BLOCK_CAPTURE_AUTORELEASING = YES;
				CLANG_WARN_BOOL_CONVERSION = YES;
				CLANG_WARN_COMMA = YES;
				CLANG_WARN_CONSTANT_CONVERSION = YES;
				CLANG_WARN_DEPRECATED_OBJC_IMPLEMENTATIONS = YES;
				CLANG_WARN_DIRECT_OBJC_ISA_USAGE = YES_ERROR;
				CLANG_WARN_DOCUMENTATION_COMMENTS = YES;
				CLANG_WARN_EMPTY_BODY = YES;
				CLANG_WARN_ENUM_CONVERSION = YES;
				CLANG_WARN_INFINITE_RECURSION = YES;
				CLANG_WARN_INT_CONVERSION = YES;
				CLANG_WARN_NON_LITERAL_NULL_CONVERSION = YES;
				CLANG_WARN_OBJC_IMPLICIT_RETAIN_SELF = YES;
				CLANG_WARN_OBJC_LITERAL_CONVERSION = YES;
				CLANG_WARN_OBJC_ROOT_CLASS = YES_ERROR;
				CLANG_WARN_QUOTED_INCLUDE_IN_FRAMEWORK_HEADER = YES;
				CLANG_WARN_RANGE_LOOP_ANALYSIS = YES;
				CLANG_WARN_STRICT_PROTOTYPES = YES;
				CLANG_WARN_SUSPICIOUS_MOVE = YES;
				CLANG_WARN_UNGUARDED_AVAILABILITY = YES_AGGRESSIVE;
				CLANG_WARN_UNREACHABLE_CODE = YES;
				CLANG_WARN__DUPLICATE_METHOD_MATCH = YES;
				COPY_PHASE_STRIP = NO;
				DEBUG_INFORMATION_FORMAT = "dwarf-with-dsym";
				ENABLE_NS_ASSERTIONS = NO;
				ENABLE_STRICT_OBJC_MSGSEND = YES;
				ENABLE_USER_SCRIPT_SANDBOXING = YES;
				GCC_C_LANGUAGE_STANDARD = gnu17;
				GCC_NO_COMMON_BLOCKS = YES;
				GCC_WARN_64_TO_32_BIT_CONVERSION = YES;
				GCC_WARN_ABOUT_RETURN_TYPE = YES_ERROR;
				GCC_WARN_UNDECLARED_SELECTOR = YES;
				GCC_WARN_UNINITIALIZED_AUTOS = YES_AGGRESSIVE;
				GCC_WARN_UNUSED_FUNCTION = YES;
				GCC_WARN_UNUSED_VARIABLE = YES;
				IPHONEOS_DEPLOYMENT_TARGET = 26.0;
				MTL_ENABLE_DEBUG_INFO = NO;
				MTL_FAST_MATH = YES;
				SDKROOT = iphoneos;
				SWIFT_COMPILATION_MODE = wholemodule;
				VALIDATE_PRODUCT = YES;
			};
			name = Release;
		};
		E1000000A000000000000003 /* Debug */ = {
			isa = XCBuildConfiguration;
			buildSettings = {
				ASSETCATALOG_COMPILER_APPICON_NAME = AppIcon;
				ASSETCATALOG_COMPILER_GLOBAL_ACCENT_COLOR_NAME = AccentColor;
				CODE_SIGN_ENTITLEMENTS = Shiori/Shiori.entitlements;
				CODE_SIGN_STYLE = Automatic;
				CURRENT_PROJECT_VERSION = 1;
				DEVELOPMENT_TEAM = 46C337T7YN;
				ENABLE_PREVIEWS = YES;
				GENERATE_INFOPLIST_FILE = YES;
				INFOPLIST_KEY_CFBundleDisplayName = Shiori;
				INFOPLIST_KEY_ITSAppUsesNonExemptEncryption = NO;
				INFOPLIST_KEY_LSApplicationCategoryType = "public.app-category.books";
				INFOPLIST_KEY_NSCameraUsageDescription = "Shiori a besoin de votre appareil photo pour scanner la couverture de vos livres.";
				INFOPLIST_KEY_NSPhotoLibraryUsageDescription = "Shiori montre vos derni\U00e8res photos pour scanner une couverture d\U00e9j\U00e0 prise.";
				INFOPLIST_KEY_UIApplicationSceneManifest_Generation = YES;
				INFOPLIST_KEY_UIApplicationSupportsIndirectInputEvents = YES;
				INFOPLIST_KEY_UILaunchScreen_Generation = YES;
				INFOPLIST_KEY_UISupportedInterfaceOrientations = UIInterfaceOrientationPortrait;
				INFOPLIST_KEY_UISupportedInterfaceOrientations_iPad = "UIInterfaceOrientationLandscapeLeft UIInterfaceOrientationLandscapeRight UIInterfaceOrientationPortrait UIInterfaceOrientationPortraitUpsideDown";
				LD_RUNPATH_SEARCH_PATHS = (
					"$(inherited)",
					"@executable_path/Frameworks",
				);
				MARKETING_VERSION = 1.0;
				PRODUCT_BUNDLE_IDENTIFIER = com.polyforms.shiori.app;
				PRODUCT_NAME = "$(TARGET_NAME)";
				SUPPORTED_PLATFORMS = "iphoneos iphonesimulator";
				SUPPORTS_MACCATALYST = NO;
				SUPPORTS_MAC_DESIGNED_FOR_IPHONE_IPAD = NO;
				SUPPORTS_XR_DESIGNED_FOR_IPHONE_IPAD = NO;
				SWIFT_EMIT_LOC_STRINGS = YES;
				SWIFT_VERSION = 6.0;
				TARGETED_DEVICE_FAMILY = 1;
			};
			name = Debug;
		};
		E1000000A000000000000004 /* Release */ = {
			isa = XCBuildConfiguration;
			buildSettings = {
				ASSETCATALOG_COMPILER_APPICON_NAME = AppIcon;
				ASSETCATALOG_COMPILER_GLOBAL_ACCENT_COLOR_NAME = AccentColor;
				CODE_SIGN_ENTITLEMENTS = Shiori/Shiori.entitlements;
				CODE_SIGN_IDENTITY = "Apple Distribution";
				CODE_SIGN_STYLE = Manual;
				PROVISIONING_PROFILE_SPECIFIER = "Shiori App Store";
				CURRENT_PROJECT_VERSION = 1;
				DEVELOPMENT_TEAM = 46C337T7YN;
				ENABLE_PREVIEWS = YES;
				GENERATE_INFOPLIST_FILE = YES;
				INFOPLIST_KEY_CFBundleDisplayName = Shiori;
				INFOPLIST_KEY_ITSAppUsesNonExemptEncryption = NO;
				INFOPLIST_KEY_LSApplicationCategoryType = "public.app-category.books";
				INFOPLIST_KEY_NSCameraUsageDescription = "Shiori a besoin de votre appareil photo pour scanner la couverture de vos livres.";
				INFOPLIST_KEY_NSPhotoLibraryUsageDescription = "Shiori montre vos derni\U00e8res photos pour scanner une couverture d\U00e9j\U00e0 prise.";
				INFOPLIST_KEY_UIApplicationSceneManifest_Generation = YES;
				INFOPLIST_KEY_UIApplicationSupportsIndirectInputEvents = YES;
				INFOPLIST_KEY_UILaunchScreen_Generation = YES;
				INFOPLIST_KEY_UISupportedInterfaceOrientations = UIInterfaceOrientationPortrait;
				INFOPLIST_KEY_UISupportedInterfaceOrientations_iPad = "UIInterfaceOrientationLandscapeLeft UIInterfaceOrientationLandscapeRight UIInterfaceOrientationPortrait UIInterfaceOrientationPortraitUpsideDown";
				LD_RUNPATH_SEARCH_PATHS = (
					"$(inherited)",
					"@executable_path/Frameworks",
				);
				MARKETING_VERSION = 1.0;
				PRODUCT_BUNDLE_IDENTIFIER = com.polyforms.shiori.app;
				PRODUCT_NAME = "$(TARGET_NAME)";
				SUPPORTED_PLATFORMS = "iphoneos iphonesimulator";
				SUPPORTS_MACCATALYST = NO;
				SUPPORTS_MAC_DESIGNED_FOR_IPHONE_IPAD = NO;
				SUPPORTS_XR_DESIGNED_FOR_IPHONE_IPAD = NO;
				SWIFT_EMIT_LOC_STRINGS = YES;
				SWIFT_VERSION = 6.0;
				TARGETED_DEVICE_FAMILY = 1;
			};
			name = Release;
		};
		E2000000A000000000000001 /* Debug */ = {
			isa = XCBuildConfiguration;
			buildSettings = {
				CODE_SIGN_STYLE = Automatic;
				CURRENT_PROJECT_VERSION = 1;
				DEVELOPMENT_TEAM = 46C337T7YN;
				GENERATE_INFOPLIST_FILE = YES;
				MARKETING_VERSION = 1.0;
				PRODUCT_BUNDLE_IDENTIFIER = com.shiori.app.uitests;
				PRODUCT_NAME = "$(TARGET_NAME)";
				SUPPORTED_PLATFORMS = "iphoneos iphonesimulator";
				SUPPORTS_MACCATALYST = NO;
				SUPPORTS_MAC_DESIGNED_FOR_IPHONE_IPAD = NO;
				SUPPORTS_XR_DESIGNED_FOR_IPHONE_IPAD = NO;
				SWIFT_EMIT_LOC_STRINGS = NO;
				SWIFT_VERSION = 6.0;
				TARGETED_DEVICE_FAMILY = 1;
				TEST_TARGET_NAME = Shiori;
			};
			name = Debug;
		};
		E2000000A000000000000002 /* Release */ = {
			isa = XCBuildConfiguration;
			buildSettings = {
				CODE_SIGN_STYLE = Automatic;
				CURRENT_PROJECT_VERSION = 1;
				DEVELOPMENT_TEAM = 46C337T7YN;
				GENERATE_INFOPLIST_FILE = YES;
				MARKETING_VERSION = 1.0;
				PRODUCT_BUNDLE_IDENTIFIER = com.shiori.app.uitests;
				PRODUCT_NAME = "$(TARGET_NAME)";
				SUPPORTED_PLATFORMS = "iphoneos iphonesimulator";
				SUPPORTS_MACCATALYST = NO;
				SUPPORTS_MAC_DESIGNED_FOR_IPHONE_IPAD = NO;
				SUPPORTS_XR_DESIGNED_FOR_IPHONE_IPAD = NO;
				SWIFT_EMIT_LOC_STRINGS = NO;
				SWIFT_VERSION = 6.0;
				TARGETED_DEVICE_FAMILY = 1;
				TEST_TARGET_NAME = Shiori;
			};
			name = Release;
		};
		E3000000A000000000000001 /* Debug */ = {
			isa = XCBuildConfiguration;
			buildSettings = {
				CODE_SIGN_ENTITLEMENTS = ShioriShare/ShioriShare.entitlements;
				CODE_SIGN_STYLE = Automatic;
				CURRENT_PROJECT_VERSION = 1;
				DEVELOPMENT_TEAM = 46C337T7YN;
				GENERATE_INFOPLIST_FILE = NO;
				INFOPLIST_FILE = ShioriShare/Info.plist;
				LD_RUNPATH_SEARCH_PATHS = (
					"$(inherited)",
					"@executable_path/Frameworks",
					"@executable_path/../../Frameworks",
				);
				MARKETING_VERSION = 1.0;
				PRODUCT_BUNDLE_IDENTIFIER = com.polyforms.shiori.app.share;
				PRODUCT_NAME = "$(TARGET_NAME)";
				SKIP_INSTALL = YES;
				SUPPORTED_PLATFORMS = "iphoneos iphonesimulator";
				SUPPORTS_MACCATALYST = NO;
				SUPPORTS_MAC_DESIGNED_FOR_IPHONE_IPAD = NO;
				SUPPORTS_XR_DESIGNED_FOR_IPHONE_IPAD = NO;
				SWIFT_EMIT_LOC_STRINGS = YES;
				SWIFT_VERSION = 6.0;
				TARGETED_DEVICE_FAMILY = 1;
			};
			name = Debug;
		};
		E3000000A000000000000002 /* Release */ = {
			isa = XCBuildConfiguration;
			buildSettings = {
				CODE_SIGN_ENTITLEMENTS = ShioriShare/ShioriShare.entitlements;
				CODE_SIGN_IDENTITY = "Apple Distribution";
				CODE_SIGN_STYLE = Manual;
				PROVISIONING_PROFILE_SPECIFIER = "Shiori Share App Store";
				CURRENT_PROJECT_VERSION = 1;
				DEVELOPMENT_TEAM = 46C337T7YN;
				GENERATE_INFOPLIST_FILE = NO;
				INFOPLIST_FILE = ShioriShare/Info.plist;
				LD_RUNPATH_SEARCH_PATHS = (
					"$(inherited)",
					"@executable_path/Frameworks",
					"@executable_path/../../Frameworks",
				);
				MARKETING_VERSION = 1.0;
				PRODUCT_BUNDLE_IDENTIFIER = com.polyforms.shiori.app.share;
				PRODUCT_NAME = "$(TARGET_NAME)";
				SKIP_INSTALL = YES;
				SUPPORTED_PLATFORMS = "iphoneos iphonesimulator";
				SUPPORTS_MACCATALYST = NO;
				SUPPORTS_MAC_DESIGNED_FOR_IPHONE_IPAD = NO;
				SUPPORTS_XR_DESIGNED_FOR_IPHONE_IPAD = NO;
				SWIFT_EMIT_LOC_STRINGS = YES;
				SWIFT_VERSION = 6.0;
				TARGETED_DEVICE_FAMILY = 1;
			};
			name = Release;
		};
/* End XCBuildConfiguration section */

/* Begin XCConfigurationList section */
		E10000080000000000000001 /* Build configuration list for PBXNativeTarget "Shiori" */ = {
			isa = XCConfigurationList;
			buildConfigurations = (
				E1000000A000000000000003 /* Debug */,
				E1000000A000000000000004 /* Release */,
			);
			defaultConfigurationIsVisible = 0;
			defaultConfigurationName = Release;
		};
		E10000080000000000000002 /* Build configuration list for PBXProject "Shiori" */ = {
			isa = XCConfigurationList;
			buildConfigurations = (
				E1000000A000000000000001 /* Debug */,
				E1000000A000000000000002 /* Release */,
			);
			defaultConfigurationIsVisible = 0;
			defaultConfigurationName = Release;
		};
		E20000080000000000000001 /* Build configuration list for PBXNativeTarget "ShioriUITests" */ = {
			isa = XCConfigurationList;
			buildConfigurations = (
				E2000000A000000000000001 /* Debug */,
				E2000000A000000000000002 /* Release */,
			);
			defaultConfigurationIsVisible = 0;
			defaultConfigurationName = Release;
		};
		E30000080000000000000001 /* Build configuration list for PBXNativeTarget "ShioriShare" */ = {
			isa = XCConfigurationList;
			buildConfigurations = (
				E3000000A000000000000001 /* Debug */,
				E3000000A000000000000002 /* Release */,
			);
			defaultConfigurationIsVisible = 0;
			defaultConfigurationName = Release;
		};
/* End XCConfigurationList section */

/* Begin XCRemoteSwiftPackageReference section */
		5E0E01202F5072C10074B393 /* XCRemoteSwiftPackageReference "sentry-cocoa" */ = {
			isa = XCRemoteSwiftPackageReference;
			repositoryURL = "https://github.com/getsentry/sentry-cocoa.git";
			requirement = {
				kind = upToNextMajorVersion;
				minimumVersion = 9.0.0;
			};
		};
		AA0E01202F5072C10074B393 /* XCRemoteSwiftPackageReference "apollo-ios" */ = {
			isa = XCRemoteSwiftPackageReference;
			repositoryURL = "https://github.com/apollographql/apollo-ios.git";
			requirement = {
				kind = upToNextMajorVersion;
				minimumVersion = 2.0.0;
			};
		};
		FB0E01202F5072C10074B393 /* XCRemoteSwiftPackageReference "firebase-ios-sdk" */ = {
			isa = XCRemoteSwiftPackageReference;
			repositoryURL = "https://github.com/firebase/firebase-ios-sdk.git";
			requirement = {
				kind = upToNextMajorVersion;
				minimumVersion = 11.0.0;
			};
		};
/* End XCRemoteSwiftPackageReference section */

/* Begin XCSwiftPackageProductDependency section */
		5E0E01222F5072C10074B393 /* Sentry */ = {
			isa = XCSwiftPackageProductDependency;
			package = 5E0E01202F5072C10074B393 /* XCRemoteSwiftPackageReference "sentry-cocoa" */;
			productName = Sentry;
		};
		AA0E01222F5072C10074B393 /* Apollo */ = {
			isa = XCSwiftPackageProductDependency;
			package = AA0E01202F5072C10074B393 /* XCRemoteSwiftPackageReference "apollo-ios" */;
			productName = Apollo;
		};
		AA0E01242F5072C10074B393 /* ApolloAPI */ = {
			isa = XCSwiftPackageProductDependency;
			package = AA0E01202F5072C10074B393 /* XCRemoteSwiftPackageReference "apollo-ios" */;
			productName = ApolloAPI;
		};
		FB0E01222F5072C10074B393 /* FirebaseCore */ = {
			isa = XCSwiftPackageProductDependency;
			package = FB0E01202F5072C10074B393 /* XCRemoteSwiftPackageReference "firebase-ios-sdk" */;
			productName = FirebaseCore;
		};
		FB0E01242F5072C10074B393 /* FirebaseAuth */ = {
			isa = XCSwiftPackageProductDependency;
			package = FB0E01202F5072C10074B393 /* XCRemoteSwiftPackageReference "firebase-ios-sdk" */;
			productName = FirebaseAuth;
		};
		FB0E01262F5072C10074B393 /* FirebaseAnalytics */ = {
			isa = XCSwiftPackageProductDependency;
			package = FB0E01202F5072C10074B393 /* XCRemoteSwiftPackageReference "firebase-ios-sdk" */;
			productName = FirebaseAnalytics;
		};
/* End XCSwiftPackageProductDependency section */
	};
	rootObject = E10000090000000000000001 /* Project object */;
}
